
Microsoft Visual Studio Solution File, Format Version 12.00
# Visual Studio Version 16
VisualStudioVersion = 16.0.31321.278
MinimumVisualStudioVersion = 10.0.40219.1
Project("{FAE04EC0-301F-11D3-BF4B-00C04F79EFBC}") = "Data", "Data\Data.csproj", "{40588813-0777-4FCB-92B2-B935B34BFB4A}"
EndProject
Project("{FAE04EC0-301F-11D3-BF4B-00C04F79EFBC}") = "PortfolioApi", "PortfolioApi\PortfolioApi.csproj", "{87E5237A-58F4-45E9-ACA5-7FB8716C3F5D}"
EndProject
Global
	GlobalSection(SolutionConfigurationPlatforms) = preSolution
		Debug|Any CPU = Debug|Any CPU
		Release|Any CPU = Release|Any CPU
	EndGlobalSection
	GlobalSection(ProjectConfigurationPlatforms) = postSolution
		{40588813-0777-4FCB-92B2-B935B34BFB4A}.Debug|Any CPU.ActiveCfg = Debug|Any CPU
		{40588813-0777-4FCB-92B2-B935B34BFB4A}.Debug|Any CPU.Build.0 = Debug|Any CPU
		{40588813-0777-4FCB-92B2-B935B34BFB4A}.Release|Any CPU.ActiveCfg = Release|Any CPU
		{40588813-0777-4FCB-92B2-B935B34BFB4A}.Release|Any CPU.Build.0 = Release|Any CPU
		{87E5237A-58F4-45E9-ACA5-7FB8716C3F5D}.Debug|Any CPU.ActiveCfg = Debug|Any CPU
		{87E5237A-58F4-45E9-ACA5-7FB8716C3F5D}.Debug|Any CPU.Build.0 = Debug|Any CPU
		{87E5237A-58F4-45E9-ACA5-7FB8716C3F5D}.Release|Any CPU.ActiveCfg = Release|Any CPU
		{87E5237A-58F4-45E9-ACA5-7FB8716C3F5D}.Release|Any CPU.Build.0 = Release|Any CPU
	EndGlobalSection
	GlobalSection(SolutionProperties) = preSolution
		HideSolutionNode = FALSE
	EndGlobalSection
	GlobalSection(ExtensibilityGlobals) = postSolution
		SolutionGuid = {07D9D1C1-C0CC-43AC-9D9A-349DDA48C046}
	EndGlobalSection
EndGlobal
